
Microsoft Visual Studio Solution File, Format Version 12.00
# Visual Studio Version 16
VisualStudioVersion = 16.0.29318.209
MinimumVisualStudioVersion = 10.0.40219.1
Project("{F184B08F-C81C-45F6-A57F-5ABD9991F28F}") = "SHOW DIALOG", "SHOW DIALOG.vbproj", "{52EFA9CF-CDFA-4D16-8A2A-1449DB3537C2}"
EndProject
Global
	GlobalSection(SolutionConfigurationPlatforms) = preSolution
		Debug|Any CPU = Debug|Any CPU
		Release|Any CPU = Release|Any CPU
	EndGlobalSection
	GlobalSection(ProjectConfigurationPlatforms) = postSolution
		{52EFA9CF-CDFA-4D16-8A2A-1449DB3537C2}.Debug|Any CPU.ActiveCfg = Debug|Any CPU
		{52EFA9CF-CDFA-4D16-8A2A-1449DB3537C2}.Debug|Any CPU.Build.0 = Debug|Any CPU
		{52EFA9CF-CDFA-4D16-8A2A-1449DB3537C2}.Release|Any CPU.ActiveCfg = Release|Any CPU
		{52EFA9CF-CDFA-4D16-8A2A-1449DB3537C2}.Release|Any CPU.Build.0 = Release|Any CPU
	EndGlobalSection
	GlobalSection(SolutionProperties) = preSolution
		HideSolutionNode = FALSE
	EndGlobalSection
	GlobalSection(ExtensibilityGlobals) = postSolution
		SolutionGuid = {C0E5F26D-FC3F-42BB-9AB0-D31903950405}
	EndGlobalSection
EndGlobal
